Microsoft Visual Studio Solution File, Format Version 12.00
# Visual Studio Version 17
VisualStudioVersion = 17.0.31912.275
MinimumVisualStudioVersion = 10.0.40219.1
Project("{9A19103F-16F7-4668-BE54-9A1E7A4F7556}") = "BronzeArtWebApplication", "BronzeArtWebApplication\BronzeArtWebApplication.csproj", "{50F9C8A9-E5CB-4B6B-8A10-B17AE41C9E60}"
EndProject
Project("{9A19103F-16F7-4668-BE54-9A1E7A4F7556}") = "MirrorsModelsLibrary", "MirrorsModelsLibrary\MirrorsModelsLibrary.csproj", "{907663A9-3D37-4D38-9073-D3B17882CBF0}"
EndProject
Project("{9A19103F-16F7-4668-BE54-9A1E7A4F7556}") = "ShowerEnclosuresModelsLibrary", "ShowerEnclosuresModelsLibrary\ShowerEnclosuresModelsLibrary.csproj", "{3BD2A612-EA39-4155-A6C5-D04D13BEEE11}"
EndProject
Project("{9A19103F-16F7-4668-BE54-9A1E7A4F7556}") = "BronzeRulesPricelistLibrary", "BronzeRulesPricelistLibrary\BronzeRulesPricelistLibrary.csproj", "{67938C3B-BB71-4891-882B-064F6C7B217C}"
EndProject
Project("{9A19103F-16F7-4668-BE54-9A1E7A4F7556}") = "SVGDrawingLibrary", "SVGDrawingLibrary\SVGDrawingLibrary.csproj", "{0AC721B2-313C-4412-9C98-33CD7C2A49CF}"
EndProject
Project("{9A19103F-16F7-4668-BE54-9A1E7A4F7556}") = "SVGCabinDraws", "SVGCabinDraws\SVGCabinDraws.csproj", "{F0F761E3-9419-4904-8EA1-C2498A8EF0E7}"
EndProject
Project("{9A19103F-16F7-4668-BE54-9A1E7A4F7556}") = "CommonHelpers", "CommonHelpers\CommonHelpers.csproj", "{F5CC1D60-0AB5-4BEF-9DBB-54EA044661A9}"
EndProject
Project("{9A19103F-16F7-4668-BE54-9A1E7A4F7556}") = "CommonInterfacesBronze", "CommonInterfacesBronze\CommonInterfacesBronze.csproj", "{C9085658-C8C9-4E48-9C0A-39BEDA2E07BA}"
EndProject
Project("{2150E333-8FDC-42A3-9474-1A3956D46DE8}") = "BronzeUnitTests", "BronzeUnitTests", "{FCD4156D-10A5-40DA-B84F-6D43D06A97E4}"
EndProject
Project("{2150E333-8FDC-42A3-9474-1A3956D46DE8}") = "UtilityProjects", "UtilityProjects", "{203B9FB0-E915-4E8E-ABA5-E20D80C2B235}"
EndProject
Project("{9A19103F-16F7-4668-BE54-9A1E7A4F7556}") = "ImageSharpUtilities", "ImageSharpUtilities\ImageSharpUtilities.csproj", "{EC90995C-7F7A-476D-A7B7-3A907C446B40}"
EndProject
Project("{9A19103F-16F7-4668-BE54-9A1E7A4F7556}") = "CommonHelpers.Tests", "CommonHelpers.Tests\CommonHelpers.Tests.csproj", "{8E7262EA-F9CF-4677-B053-29EB153FA9FB}"
EndProject
Project("{2150E333-8FDC-42A3-9474-1A3956D46DE8}") = "SupportLibs", "SupportLibs", "{C7386AD9-BC12-4C73-A8D2-7F03CD6E011F}"
EndProject
Project("{9A19103F-16F7-4668-BE54-9A1E7A4F7556}") = "ExcelSupportLib", "ExcelSupportLib\ExcelSupportLib.csproj", "{F0CD4BF5-2247-4BBE-AD40-1359D257EC0F}"
EndProject
Project("{9A19103F-16F7-4668-BE54-9A1E7A4F7556}") = "ShowerEnclosuresModelsLibrary.Tests", "ShowerEnclosuresModelsLibrary.Tests\ShowerEnclosuresModelsLibrary.Tests.csproj", "{75A8D3AA-A443-4F9A-B65E-EE897FA60232}"
EndProject
Project("{2150E333-8FDC-42A3-9474-1A3956D46DE8}") = "BronzeFactoryAppWPF", "BronzeFactoryAppWPF", "{7589E1AA-6B9F-4D1C-B333-28638C9B8A07}"
EndProject
Project("{9A19103F-16F7-4668-BE54-9A1E7A4F7556}") = "BronzeFactoryApplication", "BronzeFactoryApplication\BronzeFactoryApplication.csproj", "{57012BF0-8286-49B2-A256-7E823D2436F1}"
EndProject
Project("{9A19103F-16F7-4668-BE54-9A1E7A4F7556}") = "TasCustomControlsLibrary", "TasCustomControlsLibrary\TasCustomControlsLibrary.csproj", "{9354EFC0-6B9A-4BA2-85EE-8376993270A8}"
EndProject
Project("{9A19103F-16F7-4668-BE54-9A1E7A4F7556}") = "DataAccessLib", "DataAccessLib\DataAccessLib.csproj", "{8D5B1718-0A5F-40C2-A23F-853BB091295F}"
EndProject
Project("{9A19103F-16F7-4668-BE54-9A1E7A4F7556}") = "GlassesOrdersModels", "GlassesOrdersModels\GlassesOrdersModels.csproj", "{B6131F4B-20B6-45D6-86BD-AA13721B2626}"
EndProject
Project("{9A19103F-16F7-4668-BE54-9A1E7A4F7556}") = "SqliteApplicationSettings", "SqliteApplicationSettings\SqliteApplicationSettings.csproj", "{AC961E36-43E3-42A6-80AB-B19FF3D27C4C}"
EndProject
Project("{9A19103F-16F7-4668-BE54-9A1E7A4F7556}") = "SVGGlassDrawsLibrary", "SVGGlassDrawsLibrary\SVGGlassDrawsLibrary.csproj", "{CEA8B9F6-08B5-4D05-87A2-C383A373261D}"
EndProject
Project("{9A19103F-16F7-4668-BE54-9A1E7A4F7556}") = "OldSqliteGlassesDatabase", "OldSqliteGlassesDatabase\OldSqliteGlassesDatabase.csproj", "{148D071B-CEC4-4027-A1F7-7DE9951BDF10}"
EndProject
Project("{9A19103F-16F7-4668-BE54-9A1E7A4F7556}") = "SpecificationFilterLibrary", "SpecificationFilterLibrary\SpecificationFilterLibrary.csproj", "{1F9485B6-B063-4FED-B568-6B4CAAD53BF7}"
EndProject
Project("{9A19103F-16F7-4668-BE54-9A1E7A4F7556}") = "ReportingHelperLibrary", "ReportingHelperLibrary\ReportingHelperLibrary.csproj", "{0468C3F8-6C35-4B2C-8845-51251D5889DF}"
EndProject
Project("{2150E333-8FDC-42A3-9474-1A3956D46DE8}") = "BathAccessoriesProjects", "BathAccessoriesProjects", "{38921706-7617-4B79-87A7-1753FF9894CE}"
EndProject
Project("{9A19103F-16F7-4668-BE54-9A1E7A4F7556}") = "BathAccessoriesModelsLibrary", "BathAccessoriesModelsLibrary\BathAccessoriesModelsLibrary.csproj", "{658AFB03-4163-40AF-A5CA-9974F88503F1}"
EndProject
Project("{2150E333-8FDC-42A3-9474-1A3956D46DE8}") = "BronzeAPIServices", "BronzeAPIServices", "{D685A316-0D24-4B19-B1EA-CC651A82E3F4}"
EndProject
Project("{9A19103F-16F7-4668-BE54-9A1E7A4F7556}") = "BronzeAPI", "BronzeAPI\BronzeAPI.csproj", "{4749A825-AC01-43C2-BC4F-32F846937A17}"
EndProject
Project("{2150E333-8FDC-42A3-9474-1A3956D46DE8}") = "MongoDBProjects", "MongoDBProjects", "{43834394-4E9E-403A-9395-BD356908A9B8}"
EndProject
Project("{9A19103F-16F7-4668-BE54-9A1E7A4F7556}") = "AccessoriesRepoMongoDB", "AccessoriesRepoMongoDB\AccessoriesRepoMongoDB.csproj", "{F30C6BA1-0059-481C-871B-D1BAFF73C517}"
EndProject
Project("{9A19103F-16F7-4668-BE54-9A1E7A4F7556}") = "MongoDbCommonLibrary", "MongoDbCommonLibrary\MongoDbCommonLibrary.csproj", "{2D24D9B4-3430-4C76-9C96-16110D374CBE}"
EndProject
Project("{9A19103F-16F7-4668-BE54-9A1E7A4F7556}") = "AzureBlobStorageLibrary", "AzureBlobStorageLibrary\AzureBlobStorageLibrary.csproj", "{A8C08470-C44C-4C93-9FF9-B09F6FA61CC9}"
EndProject
Project("{9A19103F-16F7-4668-BE54-9A1E7A4F7556}") = "AccessoriesConversions", "AccessoriesConversions\AccessoriesConversions.csproj", "{D7C60379-0B2A-46A9-99FB-9B51C58FECF0}"
EndProject
Project("{9A19103F-16F7-4668-BE54-9A1E7A4F7556}") = "MementosLibrary", "MementosLibrary\MementosLibrary.csproj", "{4CC002F5-CC3E-4EF8-8B4D-02C54E65B463}"
EndProject
Project("{9A19103F-16F7-4668-BE54-9A1E7A4F7556}") = "UsersRepoMongoDb", "UsersRepoMongoDb\UsersRepoMongoDb.csproj", "{A9BFE556-081E-47EE-A998-63AE05D2CE3C}"
EndProject
Project("{9A19103F-16F7-4668-BE54-9A1E7A4F7556}") = "XMLClosedReporting", "XMLClosedReporting\XMLClosedReporting.csproj", "{D0638F21-ACA6-4388-9185-764BD93629DA}"
EndProject
Project("{2150E333-8FDC-42A3-9474-1A3956D46DE8}") = "MirrorsProjects", "MirrorsProjects", "{54D49E50-AE9D-4DF5-BE22-86BBC904749F}"
EndProject
Project("{9A19103F-16F7-4668-BE54-9A1E7A4F7556}") = "MirrorsLib", "MirrorsLib\MirrorsLib.csproj", "{00A9F9BE-B996-4907-9CAD-8301D4BC6F4B}"
EndProject
Project("{9A19103F-16F7-4668-BE54-9A1E7A4F7556}") = "ShapesLibrary", "ShapesLibrary\ShapesLibrary.csproj", "{36059AC2-E49A-4F57-B9E2-3427393A1A0A}"
EndProject
Project("{9A19103F-16F7-4668-BE54-9A1E7A4F7556}") = "MirrorsRepositoryMongoDB", "MirrorsRepositoryMongoDB\MirrorsRepositoryMongoDB.csproj", "{1BE07A43-6314-48E3-BD42-23796909892E}"
EndProject
Project("{9A19103F-16F7-4668-BE54-9A1E7A4F7556}") = "DrawingLibrary", "DrawingLibrary\DrawingLibrary.csproj", "{88634229-D268-45F1-B8FA-A93F817FFCA1}"
EndProject
Project("{9A19103F-16F7-4668-BE54-9A1E7A4F7556}") = "BarcodeLibrary", "BarcodeLibrary\BarcodeLibrary.csproj", "{55E8A8FF-0459-4E66-8304-4B91D72EA3E9}"
EndProject
Project("{9A19103F-16F7-4668-BE54-9A1E7A4F7556}") = "QuestPdfLibrary", "QuestPdfLibrary\QuestPdfLibrary.csproj", "{C00D05B8-65A6-48C5-9B97-3C3D6FFA0D61}"
EndProject
Project("{9A19103F-16F7-4668-BE54-9A1E7A4F7556}") = "TestingConsoleApp", "TestingConsoleApp\TestingConsoleApp.csproj", "{FCEC183A-D15C-4E9B-AEAD-EC68A4927DBA}"
EndProject
Project("{2150E333-8FDC-42A3-9474-1A3956D46DE8}") = "PdfSupportProjects", "PdfSupportProjects", "{ED5162F0-271C-4467-95E1-E90720B0578F}"
EndProject
Project("{9A19103F-16F7-4668-BE54-9A1E7A4F7556}") = "DrawingLibraryPDFTemplates", "DrawingLibraryPDFTemplates\DrawingLibraryPDFTemplates.csproj", "{6D9F4EED-4533-41CB-9579-2F5B043A13A5}"
EndProject
Project("{FAE04EC0-301F-11D3-BF4B-00C04F79EFBC}") = "SqliteLabelingDatabase", "SqliteLabelingDatabase\SqliteLabelingDatabase.csproj", "{86BBB346-6991-4F78-80B2-D940E314655D}"
EndProject
Project("{FAE04EC0-301F-11D3-BF4B-00C04F79EFBC}") = "CommonOrderModels", "CommonOrderModels\CommonOrderModels.csproj", "{62E34469-0575-4384-B864-D7A9D014D9F6}"
EndProject
Project("{FAE04EC0-301F-11D3-BF4B-00C04F79EFBC}") = "GalaxyStockHelper", "GalaxyStockHelper\GalaxyStockHelper.csproj", "{121D47FA-C108-47C0-8D45-F59137A3690B}"
EndProject
Global
	GlobalSection(SolutionConfigurationPlatforms) = preSolution
		Debug|Any CPU = Debug|Any CPU
		Release|Any CPU = Release|Any CPU
	EndGlobalSection
	GlobalSection(ProjectConfigurationPlatforms) = postSolution
		{50F9C8A9-E5CB-4B6B-8A10-B17AE41C9E60}.Debug|Any CPU.ActiveCfg = Debug|Any CPU
		{50F9C8A9-E5CB-4B6B-8A10-B17AE41C9E60}.Debug|Any CPU.Build.0 = Debug|Any CPU
		{50F9C8A9-E5CB-4B6B-8A10-B17AE41C9E60}.Release|Any CPU.ActiveCfg = Release|Any CPU
		{50F9C8A9-E5CB-4B6B-8A10-B17AE41C9E60}.Release|Any CPU.Build.0 = Release|Any CPU
		{907663A9-3D37-4D38-9073-D3B17882CBF0}.Debug|Any CPU.ActiveCfg = Debug|Any CPU
		{907663A9-3D37-4D38-9073-D3B17882CBF0}.Debug|Any CPU.Build.0 = Debug|Any CPU
		{907663A9-3D37-4D38-9073-D3B17882CBF0}.Release|Any CPU.ActiveCfg = Release|Any CPU
		{907663A9-3D37-4D38-9073-D3B17882CBF0}.Release|Any CPU.Build.0 = Release|Any CPU
		{3BD2A612-EA39-4155-A6C5-D04D13BEEE11}.Debug|Any CPU.ActiveCfg = Debug|Any CPU
		{3BD2A612-EA39-4155-A6C5-D04D13BEEE11}.Debug|Any CPU.Build.0 = Debug|Any CPU
		{3BD2A612-EA39-4155-A6C5-D04D13BEEE11}.Release|Any CPU.ActiveCfg = Release|Any CPU
		{3BD2A612-EA39-4155-A6C5-D04D13BEEE11}.Release|Any CPU.Build.0 = Release|Any CPU
		{67938C3B-BB71-4891-882B-064F6C7B217C}.Debug|Any CPU.ActiveCfg = Debug|Any CPU
		{67938C3B-BB71-4891-882B-064F6C7B217C}.Debug|Any CPU.Build.0 = Debug|Any CPU
		{67938C3B-BB71-4891-882B-064F6C7B217C}.Release|Any CPU.ActiveCfg = Release|Any CPU
		{67938C3B-BB71-4891-882B-064F6C7B217C}.Release|Any CPU.Build.0 = Release|Any CPU
		{0AC721B2-313C-4412-9C98-33CD7C2A49CF}.Debug|Any CPU.ActiveCfg = Debug|Any CPU
		{0AC721B2-313C-4412-9C98-33CD7C2A49CF}.Debug|Any CPU.Build.0 = Debug|Any CPU
		{0AC721B2-313C-4412-9C98-33CD7C2A49CF}.Release|Any CPU.ActiveCfg = Release|Any CPU
		{0AC721B2-313C-4412-9C98-33CD7C2A49CF}.Release|Any CPU.Build.0 = Release|Any CPU
		{F0F761E3-9419-4904-8EA1-C2498A8EF0E7}.Debug|Any CPU.ActiveCfg = Debug|Any CPU
		{F0F761E3-9419-4904-8EA1-C2498A8EF0E7}.Debug|Any CPU.Build.0 = Debug|Any CPU
		{F0F761E3-9419-4904-8EA1-C2498A8EF0E7}.Release|Any CPU.ActiveCfg = Release|Any CPU
		{F0F761E3-9419-4904-8EA1-C2498A8EF0E7}.Release|Any CPU.Build.0 = Release|Any CPU
		{F5CC1D60-0AB5-4BEF-9DBB-54EA044661A9}.Debug|Any CPU.ActiveCfg = Debug|Any CPU
		{F5CC1D60-0AB5-4BEF-9DBB-54EA044661A9}.Debug|Any CPU.Build.0 = Debug|Any CPU
		{F5CC1D60-0AB5-4BEF-9DBB-54EA044661A9}.Release|Any CPU.ActiveCfg = Release|Any CPU
		{F5CC1D60-0AB5-4BEF-9DBB-54EA044661A9}.Release|Any CPU.Build.0 = Release|Any CPU
		{C9085658-C8C9-4E48-9C0A-39BEDA2E07BA}.Debug|Any CPU.ActiveCfg = Debug|Any CPU
		{C9085658-C8C9-4E48-9C0A-39BEDA2E07BA}.Debug|Any CPU.Build.0 = Debug|Any CPU
		{C9085658-C8C9-4E48-9C0A-39BEDA2E07BA}.Release|Any CPU.ActiveCfg = Release|Any CPU
		{C9085658-C8C9-4E48-9C0A-39BEDA2E07BA}.Release|Any CPU.Build.0 = Release|Any CPU
		{EC90995C-7F7A-476D-A7B7-3A907C446B40}.Debug|Any CPU.ActiveCfg = Debug|Any CPU
		{EC90995C-7F7A-476D-A7B7-3A907C446B40}.Debug|Any CPU.Build.0 = Debug|Any CPU
		{EC90995C-7F7A-476D-A7B7-3A907C446B40}.Release|Any CPU.ActiveCfg = Release|Any CPU
		{EC90995C-7F7A-476D-A7B7-3A907C446B40}.Release|Any CPU.Build.0 = Release|Any CPU
		{8E7262EA-F9CF-4677-B053-29EB153FA9FB}.Debug|Any CPU.ActiveCfg = Debug|Any CPU
		{8E7262EA-F9CF-4677-B053-29EB153FA9FB}.Debug|Any CPU.Build.0 = Debug|Any CPU
		{8E7262EA-F9CF-4677-B053-29EB153FA9FB}.Release|Any CPU.ActiveCfg = Release|Any CPU
		{8E7262EA-F9CF-4677-B053-29EB153FA9FB}.Release|Any CPU.Build.0 = Release|Any CPU
		{F0CD4BF5-2247-4BBE-AD40-1359D257EC0F}.Debug|Any CPU.ActiveCfg = Debug|Any CPU
		{F0CD4BF5-2247-4BBE-AD40-1359D257EC0F}.Debug|Any CPU.Build.0 = Debug|Any CPU
		{F0CD4BF5-2247-4BBE-AD40-1359D257EC0F}.Release|Any CPU.ActiveCfg = Release|Any CPU
		{F0CD4BF5-2247-4BBE-AD40-1359D257EC0F}.Release|Any CPU.Build.0 = Release|Any CPU
		{75A8D3AA-A443-4F9A-B65E-EE897FA60232}.Debug|Any CPU.ActiveCfg = Debug|Any CPU
		{75A8D3AA-A443-4F9A-B65E-EE897FA60232}.Debug|Any CPU.Build.0 = Debug|Any CPU
		{75A8D3AA-A443-4F9A-B65E-EE897FA60232}.Release|Any CPU.ActiveCfg = Release|Any CPU
		{75A8D3AA-A443-4F9A-B65E-EE897FA60232}.Release|Any CPU.Build.0 = Release|Any CPU
		{57012BF0-8286-49B2-A256-7E823D2436F1}.Debug|Any CPU.ActiveCfg = Debug|Any CPU
		{57012BF0-8286-49B2-A256-7E823D2436F1}.Debug|Any CPU.Build.0 = Debug|Any CPU
		{57012BF0-8286-49B2-A256-7E823D2436F1}.Release|Any CPU.ActiveCfg = Release|Any CPU
		{57012BF0-8286-49B2-A256-7E823D2436F1}.Release|Any CPU.Build.0 = Release|Any CPU
		{9354EFC0-6B9A-4BA2-85EE-8376993270A8}.Debug|Any CPU.ActiveCfg = Debug|Any CPU
		{9354EFC0-6B9A-4BA2-85EE-8376993270A8}.Debug|Any CPU.Build.0 = Debug|Any CPU
		{9354EFC0-6B9A-4BA2-85EE-8376993270A8}.Release|Any CPU.ActiveCfg = Release|Any CPU
		{9354EFC0-6B9A-4BA2-85EE-8376993270A8}.Release|Any CPU.Build.0 = Release|Any CPU
		{8D5B1718-0A5F-40C2-A23F-853BB091295F}.Debug|Any CPU.ActiveCfg = Debug|Any CPU
		{8D5B1718-0A5F-40C2-A23F-853BB091295F}.Debug|Any CPU.Build.0 = Debug|Any CPU
		{8D5B1718-0A5F-40C2-A23F-853BB091295F}.Release|Any CPU.ActiveCfg = Release|Any CPU
		{8D5B1718-0A5F-40C2-A23F-853BB091295F}.Release|Any CPU.Build.0 = Release|Any CPU
		{B6131F4B-20B6-45D6-86BD-AA13721B2626}.Debug|Any CPU.ActiveCfg = Debug|Any CPU
		{B6131F4B-20B6-45D6-86BD-AA13721B2626}.Debug|Any CPU.Build.0 = Debug|Any CPU
		{B6131F4B-20B6-45D6-86BD-AA13721B2626}.Release|Any CPU.ActiveCfg = Release|Any CPU
		{B6131F4B-20B6-45D6-86BD-AA13721B2626}.Release|Any CPU.Build.0 = Release|Any CPU
		{AC961E36-43E3-42A6-80AB-B19FF3D27C4C}.Debug|Any CPU.ActiveCfg = Debug|Any CPU
		{AC961E36-43E3-42A6-80AB-B19FF3D27C4C}.Debug|Any CPU.Build.0 = Debug|Any CPU
		{AC961E36-43E3-42A6-80AB-B19FF3D27C4C}.Release|Any CPU.ActiveCfg = Release|Any CPU
		{AC961E36-43E3-42A6-80AB-B19FF3D27C4C}.Release|Any CPU.Build.0 = Release|Any CPU
		{CEA8B9F6-08B5-4D05-87A2-C383A373261D}.Debug|Any CPU.ActiveCfg = Debug|Any CPU
		{CEA8B9F6-08B5-4D05-87A2-C383A373261D}.Debug|Any CPU.Build.0 = Debug|Any CPU
		{CEA8B9F6-08B5-4D05-87A2-C383A373261D}.Release|Any CPU.ActiveCfg = Release|Any CPU
		{CEA8B9F6-08B5-4D05-87A2-C383A373261D}.Release|Any CPU.Build.0 = Release|Any CPU
		{148D071B-CEC4-4027-A1F7-7DE9951BDF10}.Debug|Any CPU.ActiveCfg = Debug|Any CPU
		{148D071B-CEC4-4027-A1F7-7DE9951BDF10}.Debug|Any CPU.Build.0 = Debug|Any CPU
		{148D071B-CEC4-4027-A1F7-7DE9951BDF10}.Release|Any CPU.ActiveCfg = Release|Any CPU
		{148D071B-CEC4-4027-A1F7-7DE9951BDF10}.Release|Any CPU.Build.0 = Release|Any CPU
		{1F9485B6-B063-4FED-B568-6B4CAAD53BF7}.Debug|Any CPU.ActiveCfg = Debug|Any CPU
		{1F9485B6-B063-4FED-B568-6B4CAAD53BF7}.Debug|Any CPU.Build.0 = Debug|Any CPU
		{1F9485B6-B063-4FED-B568-6B4CAAD53BF7}.Release|Any CPU.ActiveCfg = Release|Any CPU
		{1F9485B6-B063-4FED-B568-6B4CAAD53BF7}.Release|Any CPU.Build.0 = Release|Any CPU
		{0468C3F8-6C35-4B2C-8845-51251D5889DF}.Debug|Any CPU.ActiveCfg = Debug|Any CPU
		{0468C3F8-6C35-4B2C-8845-51251D5889DF}.Debug|Any CPU.Build.0 = Debug|Any CPU
		{0468C3F8-6C35-4B2C-8845-51251D5889DF}.Release|Any CPU.ActiveCfg = Release|Any CPU
		{0468C3F8-6C35-4B2C-8845-51251D5889DF}.Release|Any CPU.Build.0 = Release|Any CPU
		{658AFB03-4163-40AF-A5CA-9974F88503F1}.Debug|Any CPU.ActiveCfg = Debug|Any CPU
		{658AFB03-4163-40AF-A5CA-9974F88503F1}.Debug|Any CPU.Build.0 = Debug|Any CPU
		{658AFB03-4163-40AF-A5CA-9974F88503F1}.Release|Any CPU.ActiveCfg = Release|Any CPU
		{658AFB03-4163-40AF-A5CA-9974F88503F1}.Release|Any CPU.Build.0 = Release|Any CPU
		{4749A825-AC01-43C2-BC4F-32F846937A17}.Debug|Any CPU.ActiveCfg = Debug|Any CPU
		{4749A825-AC01-43C2-BC4F-32F846937A17}.Debug|Any CPU.Build.0 = Debug|Any CPU
		{4749A825-AC01-43C2-BC4F-32F846937A17}.Release|Any CPU.ActiveCfg = Release|Any CPU
		{4749A825-AC01-43C2-BC4F-32F846937A17}.Release|Any CPU.Build.0 = Release|Any CPU
		{F30C6BA1-0059-481C-871B-D1BAFF73C517}.Debug|Any CPU.ActiveCfg = Debug|Any CPU
		{F30C6BA1-0059-481C-871B-D1BAFF73C517}.Debug|Any CPU.Build.0 = Debug|Any CPU
		{F30C6BA1-0059-481C-871B-D1BAFF73C517}.Release|Any CPU.ActiveCfg = Release|Any CPU
		{F30C6BA1-0059-481C-871B-D1BAFF73C517}.Release|Any CPU.Build.0 = Release|Any CPU
		{2D24D9B4-3430-4C76-9C96-16110D374CBE}.Debug|Any CPU.ActiveCfg = Debug|Any CPU
		{2D24D9B4-3430-4C76-9C96-16110D374CBE}.Debug|Any CPU.Build.0 = Debug|Any CPU
		{2D24D9B4-3430-4C76-9C96-16110D374CBE}.Release|Any CPU.ActiveCfg = Release|Any CPU
		{2D24D9B4-3430-4C76-9C96-16110D374CBE}.Release|Any CPU.Build.0 = Release|Any CPU
		{A8C08470-C44C-4C93-9FF9-B09F6FA61CC9}.Debug|Any CPU.ActiveCfg = Debug|Any CPU
		{A8C08470-C44C-4C93-9FF9-B09F6FA61CC9}.Debug|Any CPU.Build.0 = Debug|Any CPU
		{A8C08470-C44C-4C93-9FF9-B09F6FA61CC9}.Release|Any CPU.ActiveCfg = Release|Any CPU
		{A8C08470-C44C-4C93-9FF9-B09F6FA61CC9}.Release|Any CPU.Build.0 = Release|Any CPU
		{D7C60379-0B2A-46A9-99FB-9B51C58FECF0}.Debug|Any CPU.ActiveCfg = Debug|Any CPU
		{D7C60379-0B2A-46A9-99FB-9B51C58FECF0}.Debug|Any CPU.Build.0 = Debug|Any CPU
		{D7C60379-0B2A-46A9-99FB-9B51C58FECF0}.Release|Any CPU.ActiveCfg = Release|Any CPU
		{D7C60379-0B2A-46A9-99FB-9B51C58FECF0}.Release|Any CPU.Build.0 = Release|Any CPU
		{4CC002F5-CC3E-4EF8-8B4D-02C54E65B463}.Debug|Any CPU.ActiveCfg = Debug|Any CPU
		{4CC002F5-CC3E-4EF8-8B4D-02C54E65B463}.Debug|Any CPU.Build.0 = Debug|Any CPU
		{4CC002F5-CC3E-4EF8-8B4D-02C54E65B463}.Release|Any CPU.ActiveCfg = Release|Any CPU
		{4CC002F5-CC3E-4EF8-8B4D-02C54E65B463}.Release|Any CPU.Build.0 = Release|Any CPU
		{A9BFE556-081E-47EE-A998-63AE05D2CE3C}.Debug|Any CPU.ActiveCfg = Debug|Any CPU
		{A9BFE556-081E-47EE-A998-63AE05D2CE3C}.Debug|Any CPU.Build.0 = Debug|Any CPU
		{A9BFE556-081E-47EE-A998-63AE05D2CE3C}.Release|Any CPU.ActiveCfg = Release|Any CPU
		{A9BFE556-081E-47EE-A998-63AE05D2CE3C}.Release|Any CPU.Build.0 = Release|Any CPU
		{D0638F21-ACA6-4388-9185-764BD93629DA}.Debug|Any CPU.ActiveCfg = Debug|Any CPU
		{D0638F21-ACA6-4388-9185-764BD93629DA}.Debug|Any CPU.Build.0 = Debug|Any CPU
		{D0638F21-ACA6-4388-9185-764BD93629DA}.Release|Any CPU.ActiveCfg = Release|Any CPU
		{D0638F21-ACA6-4388-9185-764BD93629DA}.Release|Any CPU.Build.0 = Release|Any CPU
		{00A9F9BE-B996-4907-9CAD-8301D4BC6F4B}.Debug|Any CPU.ActiveCfg = Debug|Any CPU
		{00A9F9BE-B996-4907-9CAD-8301D4BC6F4B}.Debug|Any CPU.Build.0 = Debug|Any CPU
		{00A9F9BE-B996-4907-9CAD-8301D4BC6F4B}.Release|Any CPU.ActiveCfg = Release|Any CPU
		{00A9F9BE-B996-4907-9CAD-8301D4BC6F4B}.Release|Any CPU.Build.0 = Release|Any CPU
		{36059AC2-E49A-4F57-B9E2-3427393A1A0A}.Debug|Any CPU.ActiveCfg = Debug|Any CPU
		{36059AC2-E49A-4F57-B9E2-3427393A1A0A}.Debug|Any CPU.Build.0 = Debug|Any CPU
		{36059AC2-E49A-4F57-B9E2-3427393A1A0A}.Release|Any CPU.ActiveCfg = Release|Any CPU
		{36059AC2-E49A-4F57-B9E2-3427393A1A0A}.Release|Any CPU.Build.0 = Release|Any CPU
		{1BE07A43-6314-48E3-BD42-23796909892E}.Debug|Any CPU.ActiveCfg = Debug|Any CPU
		{1BE07A43-6314-48E3-BD42-23796909892E}.Debug|Any CPU.Build.0 = Debug|Any CPU
		{1BE07A43-6314-48E3-BD42-23796909892E}.Release|Any CPU.ActiveCfg = Release|Any CPU
		{1BE07A43-6314-48E3-BD42-23796909892E}.Release|Any CPU.Build.0 = Release|Any CPU
		{88634229-D268-45F1-B8FA-A93F817FFCA1}.Debug|Any CPU.ActiveCfg = Debug|Any CPU
		{88634229-D268-45F1-B8FA-A93F817FFCA1}.Debug|Any CPU.Build.0 = Debug|Any CPU
		{88634229-D268-45F1-B8FA-A93F817FFCA1}.Release|Any CPU.ActiveCfg = Release|Any CPU
		{88634229-D268-45F1-B8FA-A93F817FFCA1}.Release|Any CPU.Build.0 = Release|Any CPU
		{55E8A8FF-0459-4E66-8304-4B91D72EA3E9}.Debug|Any CPU.ActiveCfg = Debug|Any CPU
		{55E8A8FF-0459-4E66-8304-4B91D72EA3E9}.Debug|Any CPU.Build.0 = Debug|Any CPU
		{55E8A8FF-0459-4E66-8304-4B91D72EA3E9}.Release|Any CPU.ActiveCfg = Release|Any CPU
		{55E8A8FF-0459-4E66-8304-4B91D72EA3E9}.Release|Any CPU.Build.0 = Release|Any CPU
		{C00D05B8-65A6-48C5-9B97-3C3D6FFA0D61}.Debug|Any CPU.ActiveCfg = Debug|Any CPU
		{C00D05B8-65A6-48C5-9B97-3C3D6FFA0D61}.Debug|Any CPU.Build.0 = Debug|Any CPU
		{C00D05B8-65A6-48C5-9B97-3C3D6FFA0D61}.Release|Any CPU.ActiveCfg = Release|Any CPU
		{C00D05B8-65A6-48C5-9B97-3C3D6FFA0D61}.Release|Any CPU.Build.0 = Release|Any CPU
		{FCEC183A-D15C-4E9B-AEAD-EC68A4927DBA}.Debug|Any CPU.ActiveCfg = Debug|Any CPU
		{FCEC183A-D15C-4E9B-AEAD-EC68A4927DBA}.Debug|Any CPU.Build.0 = Debug|Any CPU
		{FCEC183A-D15C-4E9B-AEAD-EC68A4927DBA}.Release|Any CPU.ActiveCfg = Release|Any CPU
		{FCEC183A-D15C-4E9B-AEAD-EC68A4927DBA}.Release|Any CPU.Build.0 = Release|Any CPU
		{6D9F4EED-4533-41CB-9579-2F5B043A13A5}.Debug|Any CPU.ActiveCfg = Debug|Any CPU
		{6D9F4EED-4533-41CB-9579-2F5B043A13A5}.Debug|Any CPU.Build.0 = Debug|Any CPU
		{6D9F4EED-4533-41CB-9579-2F5B043A13A5}.Release|Any CPU.ActiveCfg = Release|Any CPU
		{6D9F4EED-4533-41CB-9579-2F5B043A13A5}.Release|Any CPU.Build.0 = Release|Any CPU
		{86BBB346-6991-4F78-80B2-D940E314655D}.Debug|Any CPU.ActiveCfg = Debug|Any CPU
		{86BBB346-6991-4F78-80B2-D940E314655D}.Debug|Any CPU.Build.0 = Debug|Any CPU
		{86BBB346-6991-4F78-80B2-D940E314655D}.Release|Any CPU.ActiveCfg = Release|Any CPU
		{86BBB346-6991-4F78-80B2-D940E314655D}.Release|Any CPU.Build.0 = Release|Any CPU
		{62E34469-0575-4384-B864-D7A9D014D9F6}.Debug|Any CPU.ActiveCfg = Debug|Any CPU
		{62E34469-0575-4384-B864-D7A9D014D9F6}.Debug|Any CPU.Build.0 = Debug|Any CPU
		{62E34469-0575-4384-B864-D7A9D014D9F6}.Release|Any CPU.ActiveCfg = Release|Any CPU
		{62E34469-0575-4384-B864-D7A9D014D9F6}.Release|Any CPU.Build.0 = Release|Any CPU
		{121D47FA-C108-47C0-8D45-F59137A3690B}.Debug|Any CPU.ActiveCfg = Debug|Any CPU
		{121D47FA-C108-47C0-8D45-F59137A3690B}.Debug|Any CPU.Build.0 = Debug|Any CPU
		{121D47FA-C108-47C0-8D45-F59137A3690B}.Release|Any CPU.ActiveCfg = Release|Any CPU
		{121D47FA-C108-47C0-8D45-F59137A3690B}.Release|Any CPU.Build.0 = Release|Any CPU
	EndGlobalSection
	GlobalSection(SolutionProperties) = preSolution
		HideSolutionNode = FALSE
	EndGlobalSection
	GlobalSection(NestedProjects) = preSolution
		{EC90995C-7F7A-476D-A7B7-3A907C446B40} = {203B9FB0-E915-4E8E-ABA5-E20D80C2B235}
		{8E7262EA-F9CF-4677-B053-29EB153FA9FB} = {FCD4156D-10A5-40DA-B84F-6D43D06A97E4}
		{F0CD4BF5-2247-4BBE-AD40-1359D257EC0F} = {C7386AD9-BC12-4C73-A8D2-7F03CD6E011F}
		{75A8D3AA-A443-4F9A-B65E-EE897FA60232} = {FCD4156D-10A5-40DA-B84F-6D43D06A97E4}
		{57012BF0-8286-49B2-A256-7E823D2436F1} = {7589E1AA-6B9F-4D1C-B333-28638C9B8A07}
		{9354EFC0-6B9A-4BA2-85EE-8376993270A8} = {7589E1AA-6B9F-4D1C-B333-28638C9B8A07}
		{8D5B1718-0A5F-40C2-A23F-853BB091295F} = {C7386AD9-BC12-4C73-A8D2-7F03CD6E011F}
		{B6131F4B-20B6-45D6-86BD-AA13721B2626} = {7589E1AA-6B9F-4D1C-B333-28638C9B8A07}
		{AC961E36-43E3-42A6-80AB-B19FF3D27C4C} = {C7386AD9-BC12-4C73-A8D2-7F03CD6E011F}
		{148D071B-CEC4-4027-A1F7-7DE9951BDF10} = {7589E1AA-6B9F-4D1C-B333-28638C9B8A07}
		{1F9485B6-B063-4FED-B568-6B4CAAD53BF7} = {203B9FB0-E915-4E8E-ABA5-E20D80C2B235}
		{0468C3F8-6C35-4B2C-8845-51251D5889DF} = {203B9FB0-E915-4E8E-ABA5-E20D80C2B235}
		{658AFB03-4163-40AF-A5CA-9974F88503F1} = {38921706-7617-4B79-87A7-1753FF9894CE}
		{4749A825-AC01-43C2-BC4F-32F846937A17} = {D685A316-0D24-4B19-B1EA-CC651A82E3F4}
		{F30C6BA1-0059-481C-871B-D1BAFF73C517} = {43834394-4E9E-403A-9395-BD356908A9B8}
		{2D24D9B4-3430-4C76-9C96-16110D374CBE} = {43834394-4E9E-403A-9395-BD356908A9B8}
		{A8C08470-C44C-4C93-9FF9-B09F6FA61CC9} = {C7386AD9-BC12-4C73-A8D2-7F03CD6E011F}
		{D7C60379-0B2A-46A9-99FB-9B51C58FECF0} = {38921706-7617-4B79-87A7-1753FF9894CE}
		{4CC002F5-CC3E-4EF8-8B4D-02C54E65B463} = {203B9FB0-E915-4E8E-ABA5-E20D80C2B235}
		{A9BFE556-081E-47EE-A998-63AE05D2CE3C} = {43834394-4E9E-403A-9395-BD356908A9B8}
		{D0638F21-ACA6-4388-9185-764BD93629DA} = {203B9FB0-E915-4E8E-ABA5-E20D80C2B235}
		{00A9F9BE-B996-4907-9CAD-8301D4BC6F4B} = {54D49E50-AE9D-4DF5-BE22-86BBC904749F}
		{36059AC2-E49A-4F57-B9E2-3427393A1A0A} = {203B9FB0-E915-4E8E-ABA5-E20D80C2B235}
		{1BE07A43-6314-48E3-BD42-23796909892E} = {43834394-4E9E-403A-9395-BD356908A9B8}
		{88634229-D268-45F1-B8FA-A93F817FFCA1} = {203B9FB0-E915-4E8E-ABA5-E20D80C2B235}
		{55E8A8FF-0459-4E66-8304-4B91D72EA3E9} = {203B9FB0-E915-4E8E-ABA5-E20D80C2B235}
		{C00D05B8-65A6-48C5-9B97-3C3D6FFA0D61} = {ED5162F0-271C-4467-95E1-E90720B0578F}
		{FCEC183A-D15C-4E9B-AEAD-EC68A4927DBA} = {C7386AD9-BC12-4C73-A8D2-7F03CD6E011F}
		{ED5162F0-271C-4467-95E1-E90720B0578F} = {203B9FB0-E915-4E8E-ABA5-E20D80C2B235}
		{6D9F4EED-4533-41CB-9579-2F5B043A13A5} = {ED5162F0-271C-4467-95E1-E90720B0578F}
		{86BBB346-6991-4F78-80B2-D940E314655D} = {38921706-7617-4B79-87A7-1753FF9894CE}
		{62E34469-0575-4384-B864-D7A9D014D9F6} = {7589E1AA-6B9F-4D1C-B333-28638C9B8A07}
		{121D47FA-C108-47C0-8D45-F59137A3690B} = {C7386AD9-BC12-4C73-A8D2-7F03CD6E011F}
	EndGlobalSection
	GlobalSection(ExtensibilityGlobals) = postSolution
		SolutionGuid = {D866E818-10D2-4458-B79B-5CF4A7AED230}
	EndGlobalSection
EndGlobal
